
Microsoft Visual Studio Solution File, Format Version 12.00
# Visual Studio Version 17
VisualStudioVersion = 17.4.33122.133
MinimumVisualStudioVersion = 10.0.40219.1
Project("{FAE04EC0-301F-11D3-BF4B-00C04F79EFBC}") = "PartialViews", "PartialViews\PartialViews.csproj", "{CD75DE43-133B-4F58-BD42-63B69BE7DCBD}"
EndProject
Global
	GlobalSection(SolutionConfigurationPlatforms) = preSolution
		Debug|Any CPU = Debug|Any CPU
		Release|Any CPU = Release|Any CPU
	EndGlobalSection
	GlobalSection(ProjectConfigurationPlatforms) = postSolution
		{CD75DE43-133B-4F58-BD42-63B69BE7DCBD}.Debug|Any CPU.ActiveCfg = Debug|Any CPU
		{CD75DE43-133B-4F58-BD42-63B69BE7DCBD}.Debug|Any CPU.Build.0 = Debug|Any CPU
		{CD75DE43-133B-4F58-BD42-63B69BE7DCBD}.Release|Any CPU.ActiveCfg = Release|Any CPU
		{CD75DE43-133B-4F58-BD42-63B69BE7DCBD}.Release|Any CPU.Build.0 = Release|Any CPU
	EndGlobalSection
	GlobalSection(SolutionProperties) = preSolution
		HideSolutionNode = FALSE
	EndGlobalSection
	GlobalSection(ExtensibilityGlobals) = postSolution
		SolutionGuid = {731DA9F7-442C-4D77-9C65-6834CDDF1054}
	EndGlobalSection
EndGlobal
